
Microsoft Visual Studio Solution File, Format Version 12.00
# Visual Studio Version 17
VisualStudioVersion = 17.2.32526.322
MinimumVisualStudioVersion = 10.0.40219.1
Project("{FAE04EC0-301F-11D3-BF4B-00C04F79EFBC}") = "202151502043GorselProg", "202151502043GorselProg.csproj", "{FE85D75F-48E9-42B2-8A4E-7533B5AFC717}"
EndProject
Global
	GlobalSection(SolutionConfigurationPlatforms) = preSolution
		Debug|Any CPU = Debug|Any CPU
		Release|Any CPU = Release|Any CPU
	EndGlobalSection
	GlobalSection(ProjectConfigurationPlatforms) = postSolution
		{FE85D75F-48E9-42B2-8A4E-7533B5AFC717}.Debug|Any CPU.ActiveCfg = Debug|Any CPU
		{FE85D75F-48E9-42B2-8A4E-7533B5AFC717}.Debug|Any CPU.Build.0 = Debug|Any CPU
		{FE85D75F-48E9-42B2-8A4E-7533B5AFC717}.Release|Any CPU.ActiveCfg = Release|Any CPU
		{FE85D75F-48E9-42B2-8A4E-7533B5AFC717}.Release|Any CPU.Build.0 = Release|Any CPU
	EndGlobalSection
	GlobalSection(SolutionProperties) = preSolution
		HideSolutionNode = FALSE
	EndGlobalSection
	GlobalSection(ExtensibilityGlobals) = postSolution
		SolutionGuid = {C830D6A9-9860-457D-AF7D-B4B1B481CC4E}
	EndGlobalSection
EndGlobal
